{
  "lockfileVersion": 1,
  "dependencies": {
    "mime-types": {
      "version": "2.1.6",
      "resolved": "https://registry.npmjs.org/mime-types/-/mime-types-2.1.6.tgz",
      "integrity": "sha1-lJ+HiEEYZN3HCUig8hxD8p0lZnw=",
      "dependencies": {
        "mime-db": {
          "version": "1.18.0",
          "resolved": "https://registry.npmjs.org/mime-db/-/mime-db-1.18.0.tgz",
          "integrity": "sha1-UxfigiTAivHUhPYJc904a6jzieA="
        }
      }
    }
  }
}
